
Microsoft Visual Studio Solution File, Format Version 12.00
# Visual Studio Version 17
Project("{8BC9CEB8-8B4A-11D0-8D11-00A0C91BC942}") = "ALL_BUILD", "ALL_BUILD.vcxproj", "{DE81EB51-2B44-3E37-AC05-C9A9592688EC}"
	ProjectSection(ProjectDependencies) = postProject
		{134836BF-CF75-351F-8374-9F6D906758CD} = {134836BF-CF75-351F-8374-9F6D906758CD}
		{DC24928E-DA0F-384C-A179-81B8EA17F5C2} = {DC24928E-DA0F-384C-A179-81B8EA17F5C2}
		{FF5F8551-1BF7-3099-A739-BA319A6B23A2} = {FF5F8551-1BF7-3099-A739-BA319A6B23A2}
		{AB18C169-48EC-3B9C-BA57-98B9C1513966} = {AB18C169-48EC-3B9C-BA57-98B9C1513966}
		{C766A3BB-EE6C-3F8A-A28C-57174484E068} = {C766A3BB-EE6C-3F8A-A28C-57174484E068}
		{B51DD7B3-4B48-3A52-A61B-BD967922DA7A} = {B51DD7B3-4B48-3A52-A61B-BD967922DA7A}
	EndProjectSection
EndProject
Project("{8BC9CEB8-8B4A-11D0-8D11-00A0C91BC942}") = "INSTALL", "INSTALL.vcxproj", "{ED04999C-BE17-38E0-AF32-15B6CAE5E359}"
	ProjectSection(ProjectDependencies) = postProject
		{DE81EB51-2B44-3E37-AC05-C9A9592688EC} = {DE81EB51-2B44-3E37-AC05-C9A9592688EC}
		{DC24928E-DA0F-384C-A179-81B8EA17F5C2} = {DC24928E-DA0F-384C-A179-81B8EA17F5C2}
	EndProjectSection
EndProject
Project("{8BC9CEB8-8B4A-11D0-8D11-00A0C91BC942}") = "RUN_TESTS", "RUN_TESTS.vcxproj", "{35E24C76-D1B7-3BF3-A96C-B6DBED2BE9DA}"
	ProjectSection(ProjectDependencies) = postProject
		{DC24928E-DA0F-384C-A179-81B8EA17F5C2} = {DC24928E-DA0F-384C-A179-81B8EA17F5C2}
	EndProjectSection
EndProject
Project("{8BC9CEB8-8B4A-11D0-8D11-00A0C91BC942}") = "TestQueueArrayRepresentation", "tests\TestQueueArrayRepresentation.vcxproj", "{134836BF-CF75-351F-8374-9F6D906758CD}"
	ProjectSection(ProjectDependencies) = postProject
		{DC24928E-DA0F-384C-A179-81B8EA17F5C2} = {DC24928E-DA0F-384C-A179-81B8EA17F5C2}
		{C766A3BB-EE6C-3F8A-A28C-57174484E068} = {C766A3BB-EE6C-3F8A-A28C-57174484E068}
		{B51DD7B3-4B48-3A52-A61B-BD967922DA7A} = {B51DD7B3-4B48-3A52-A61B-BD967922DA7A}
	EndProjectSection
EndProject
Project("{8BC9CEB8-8B4A-11D0-8D11-00A0C91BC942}") = "ZERO_CHECK", "ZERO_CHECK.vcxproj", "{DC24928E-DA0F-384C-A179-81B8EA17F5C2}"
	ProjectSection(ProjectDependencies) = postProject
	EndProjectSection
EndProject
Project("{8BC9CEB8-8B4A-11D0-8D11-00A0C91BC942}") = "gmock", "_deps\googletest-build\googlemock\gmock.vcxproj", "{FF5F8551-1BF7-3099-A739-BA319A6B23A2}"
	ProjectSection(ProjectDependencies) = postProject
		{DC24928E-DA0F-384C-A179-81B8EA17F5C2} = {DC24928E-DA0F-384C-A179-81B8EA17F5C2}
	EndProjectSection
EndProject
Project("{8BC9CEB8-8B4A-11D0-8D11-00A0C91BC942}") = "gmock_main", "_deps\googletest-build\googlemock\gmock_main.vcxproj", "{AB18C169-48EC-3B9C-BA57-98B9C1513966}"
	ProjectSection(ProjectDependencies) = postProject
		{DC24928E-DA0F-384C-A179-81B8EA17F5C2} = {DC24928E-DA0F-384C-A179-81B8EA17F5C2}
	EndProjectSection
EndProject
Project("{8BC9CEB8-8B4A-11D0-8D11-00A0C91BC942}") = "gtest", "_deps\googletest-build\googletest\gtest.vcxproj", "{C766A3BB-EE6C-3F8A-A28C-57174484E068}"
	ProjectSection(ProjectDependencies) = postProject
		{DC24928E-DA0F-384C-A179-81B8EA17F5C2} = {DC24928E-DA0F-384C-A179-81B8EA17F5C2}
	EndProjectSection
EndProject
Project("{8BC9CEB8-8B4A-11D0-8D11-00A0C91BC942}") = "gtest_main", "_deps\googletest-build\googletest\gtest_main.vcxproj", "{B51DD7B3-4B48-3A52-A61B-BD967922DA7A}"
	ProjectSection(ProjectDependencies) = postProject
		{DC24928E-DA0F-384C-A179-81B8EA17F5C2} = {DC24928E-DA0F-384C-A179-81B8EA17F5C2}
		{C766A3BB-EE6C-3F8A-A28C-57174484E068} = {C766A3BB-EE6C-3F8A-A28C-57174484E068}
	EndProjectSection
EndProject
Global
	GlobalSection(SolutionConfigurationPlatforms) = preSolution
		Debug|x64 = Debug|x64
		Release|x64 = Release|x64
		MinSizeRel|x64 = MinSizeRel|x64
		RelWithDebInfo|x64 = RelWithDebInfo|x64
	EndGlobalSection
	GlobalSection(ProjectConfigurationPlatforms) = postSolution
		{DE81EB51-2B44-3E37-AC05-C9A9592688EC}.Debug|x64.ActiveCfg = Debug|x64
		{DE81EB51-2B44-3E37-AC05-C9A9592688EC}.Debug|x64.Build.0 = Debug|x64
		{DE81EB51-2B44-3E37-AC05-C9A9592688EC}.Release|x64.ActiveCfg = Release|x64
		{DE81EB51-2B44-3E37-AC05-C9A9592688EC}.Release|x64.Build.0 = Release|x64
		{DE81EB51-2B44-3E37-AC05-C9A9592688EC}.MinSizeRel|x64.ActiveCfg = MinSizeRel|x64
		{DE81EB51-2B44-3E37-AC05-C9A9592688EC}.MinSizeRel|x64.Build.0 = MinSizeRel|x64
		{DE81EB51-2B44-3E37-AC05-C9A9592688EC}.RelWithDebInfo|x64.ActiveCfg = RelWithDebInfo|x64
		{DE81EB51-2B44-3E37-AC05-C9A9592688EC}.RelWithDebInfo|x64.Build.0 = RelWithDebInfo|x64
		{ED04999C-BE17-38E0-AF32-15B6CAE5E359}.Debug|x64.ActiveCfg = Debug|x64
		{ED04999C-BE17-38E0-AF32-15B6CAE5E359}.Release|x64.ActiveCfg = Release|x64
		{ED04999C-BE17-38E0-AF32-15B6CAE5E359}.MinSizeRel|x64.ActiveCfg = MinSizeRel|x64
		{ED04999C-BE17-38E0-AF32-15B6CAE5E359}.RelWithDebInfo|x64.ActiveCfg = RelWithDebInfo|x64
		{35E24C76-D1B7-3BF3-A96C-B6DBED2BE9DA}.Debug|x64.ActiveCfg = Debug|x64
		{35E24C76-D1B7-3BF3-A96C-B6DBED2BE9DA}.Release|x64.ActiveCfg = Release|x64
		{35E24C76-D1B7-3BF3-A96C-B6DBED2BE9DA}.MinSizeRel|x64.ActiveCfg = MinSizeRel|x64
		{35E24C76-D1B7-3BF3-A96C-B6DBED2BE9DA}.RelWithDebInfo|x64.ActiveCfg = RelWithDebInfo|x64
		{134836BF-CF75-351F-8374-9F6D906758CD}.Debug|x64.ActiveCfg = Debug|x64
		{134836BF-CF75-351F-8374-9F6D906758CD}.Debug|x64.Build.0 = Debug|x64
		{134836BF-CF75-351F-8374-9F6D906758CD}.Release|x64.ActiveCfg = Release|x64
		{134836BF-CF75-351F-8374-9F6D906758CD}.Release|x64.Build.0 = Release|x64
		{134836BF-CF75-351F-8374-9F6D906758CD}.MinSizeRel|x64.ActiveCfg = MinSizeRel|x64
		{134836BF-CF75-351F-8374-9F6D906758CD}.MinSizeRel|x64.Build.0 = MinSizeRel|x64
		{134836BF-CF75-351F-8374-9F6D906758CD}.RelWithDebInfo|x64.ActiveCfg = RelWithDebInfo|x64
		{134836BF-CF75-351F-8374-9F6D906758CD}.RelWithDebInfo|x64.Build.0 = RelWithDebInfo|x64
		{DC24928E-DA0F-384C-A179-81B8EA17F5C2}.Debug|x64.ActiveCfg = Debug|x64
		{DC24928E-DA0F-384C-A179-81B8EA17F5C2}.Debug|x64.Build.0 = Debug|x64
		{DC24928E-DA0F-384C-A179-81B8EA17F5C2}.Release|x64.ActiveCfg = Release|x64
		{DC24928E-DA0F-384C-A179-81B8EA17F5C2}.Release|x64.Build.0 = Release|x64
		{DC24928E-DA0F-384C-A179-81B8EA17F5C2}.MinSizeRel|x64.ActiveCfg = MinSizeRel|x64
		{DC24928E-DA0F-384C-A179-81B8EA17F5C2}.MinSizeRel|x64.Build.0 = MinSizeRel|x64
		{DC24928E-DA0F-384C-A179-81B8EA17F5C2}.RelWithDebInfo|x64.ActiveCfg = RelWithDebInfo|x64
		{DC24928E-DA0F-384C-A179-81B8EA17F5C2}.RelWithDebInfo|x64.Build.0 = RelWithDebInfo|x64
		{FF5F8551-1BF7-3099-A739-BA319A6B23A2}.Debug|x64.ActiveCfg = Debug|x64
		{FF5F8551-1BF7-3099-A739-BA319A6B23A2}.Debug|x64.Build.0 = Debug|x64
		{FF5F8551-1BF7-3099-A739-BA319A6B23A2}.Release|x64.ActiveCfg = Release|x64
		{FF5F8551-1BF7-3099-A739-BA319A6B23A2}.Release|x64.Build.0 = Release|x64
		{FF5F8551-1BF7-3099-A739-BA319A6B23A2}.MinSizeRel|x64.ActiveCfg = MinSizeRel|x64
		{FF5F8551-1BF7-3099-A739-BA319A6B23A2}.MinSizeRel|x64.Build.0 = MinSizeRel|x64
		{FF5F8551-1BF7-3099-A739-BA319A6B23A2}.RelWithDebInfo|x64.ActiveCfg = RelWithDebInfo|x64
		{FF5F8551-1BF7-3099-A739-BA319A6B23A2}.RelWithDebInfo|x64.Build.0 = RelWithDebInfo|x64
		{AB18C169-48EC-3B9C-BA57-98B9C1513966}.Debug|x64.ActiveCfg = Debug|x64
		{AB18C169-48EC-3B9C-BA57-98B9C1513966}.Debug|x64.Build.0 = Debug|x64
		{AB18C169-48EC-3B9C-BA57-98B9C1513966}.Release|x64.ActiveCfg = Release|x64
		{AB18C169-48EC-3B9C-BA57-98B9C1513966}.Release|x64.Build.0 = Release|x64
		{AB18C169-48EC-3B9C-BA57-98B9C1513966}.MinSizeRel|x64.ActiveCfg = MinSizeRel|x64
		{AB18C169-48EC-3B9C-BA57-98B9C1513966}.MinSizeRel|x64.Build.0 = MinSizeRel|x64
		{AB18C169-48EC-3B9C-BA57-98B9C1513966}.RelWithDebInfo|x64.ActiveCfg = RelWithDebInfo|x64
		{AB18C169-48EC-3B9C-BA57-98B9C1513966}.RelWithDebInfo|x64.Build.0 = RelWithDebInfo|x64
		{C766A3BB-EE6C-3F8A-A28C-57174484E068}.Debug|x64.ActiveCfg = Debug|x64
		{C766A3BB-EE6C-3F8A-A28C-57174484E068}.Debug|x64.Build.0 = Debug|x64
		{C766A3BB-EE6C-3F8A-A28C-57174484E068}.Release|x64.ActiveCfg = Release|x64
		{C766A3BB-EE6C-3F8A-A28C-57174484E068}.Release|x64.Build.0 = Release|x64
		{C766A3BB-EE6C-3F8A-A28C-57174484E068}.MinSizeRel|x64.ActiveCfg = MinSizeRel|x64
		{C766A3BB-EE6C-3F8A-A28C-57174484E068}.MinSizeRel|x64.Build.0 = MinSizeRel|x64
		{C766A3BB-EE6C-3F8A-A28C-57174484E068}.RelWithDebInfo|x64.ActiveCfg = RelWithDebInfo|x64
		{C766A3BB-EE6C-3F8A-A28C-57174484E068}.RelWithDebInfo|x64.Build.0 = RelWithDebInfo|x64
		{B51DD7B3-4B48-3A52-A61B-BD967922DA7A}.Debug|x64.ActiveCfg = Debug|x64
		{B51DD7B3-4B48-3A52-A61B-BD967922DA7A}.Debug|x64.Build.0 = Debug|x64
		{B51DD7B3-4B48-3A52-A61B-BD967922DA7A}.Release|x64.ActiveCfg = Release|x64
		{B51DD7B3-4B48-3A52-A61B-BD967922DA7A}.Release|x64.Build.0 = Release|x64
		{B51DD7B3-4B48-3A52-A61B-BD967922DA7A}.MinSizeRel|x64.ActiveCfg = MinSizeRel|x64
		{B51DD7B3-4B48-3A52-A61B-BD967922DA7A}.MinSizeRel|x64.Build.0 = MinSizeRel|x64
		{B51DD7B3-4B48-3A52-A61B-BD967922DA7A}.RelWithDebInfo|x64.ActiveCfg = RelWithDebInfo|x64
		{B51DD7B3-4B48-3A52-A61B-BD967922DA7A}.RelWithDebInfo|x64.Build.0 = RelWithDebInfo|x64
	EndGlobalSection
	GlobalSection(ExtensibilityGlobals) = postSolution
		SolutionGuid = {8A6FFBD5-92B3-31C2-AC83-5D19ADB6F954}
	EndGlobalSection
	GlobalSection(ExtensibilityAddIns) = postSolution
	EndGlobalSection
EndGlobal
