
Microsoft Visual Studio Solution File, Format Version 12.00
# Visual Studio Version 17
Project("{8BC9CEB8-8B4A-11D0-8D11-00A0C91BC942}") = "ALL_BUILD", "ALL_BUILD.vcxproj", "{DE81EB51-2B44-3E37-AC05-C9A9592688EC}"
	ProjectSection(ProjectDependencies) = postProject
		{DC24928E-DA0F-384C-A179-81B8EA17F5C2} = {DC24928E-DA0F-384C-A179-81B8EA17F5C2}
	EndProjectSection
EndProject
Project("{8BC9CEB8-8B4A-11D0-8D11-00A0C91BC942}") = "ZERO_CHECK", "ZERO_CHECK.vcxproj", "{DC24928E-DA0F-384C-A179-81B8EA17F5C2}"
	ProjectSection(ProjectDependencies) = postProject
	EndProjectSection
EndProject
Global
	GlobalSection(SolutionConfigurationPlatforms) = preSolution
		Debug|x64 = Debug|x64
		Release|x64 = Release|x64
		MinSizeRel|x64 = MinSizeRel|x64
		RelWithDebInfo|x64 = RelWithDebInfo|x64
	EndGlobalSection
	GlobalSection(ProjectConfigurationPlatforms) = postSolution
		{DE81EB51-2B44-3E37-AC05-C9A9592688EC}.Debug|x64.ActiveCfg = Debug|x64
		{DE81EB51-2B44-3E37-AC05-C9A9592688EC}.Release|x64.ActiveCfg = Release|x64
		{DE81EB51-2B44-3E37-AC05-C9A9592688EC}.MinSizeRel|x64.ActiveCfg = MinSizeRel|x64
		{DE81EB51-2B44-3E37-AC05-C9A9592688EC}.RelWithDebInfo|x64.ActiveCfg = RelWithDebInfo|x64
		{DC24928E-DA0F-384C-A179-81B8EA17F5C2}.Debug|x64.ActiveCfg = Debug|x64
		{DC24928E-DA0F-384C-A179-81B8EA17F5C2}.Debug|x64.Build.0 = Debug|x64
		{DC24928E-DA0F-384C-A179-81B8EA17F5C2}.Release|x64.ActiveCfg = Release|x64
		{DC24928E-DA0F-384C-A179-81B8EA17F5C2}.Release|x64.Build.0 = Release|x64
		{DC24928E-DA0F-384C-A179-81B8EA17F5C2}.MinSizeRel|x64.ActiveCfg = MinSizeRel|x64
		{DC24928E-DA0F-384C-A179-81B8EA17F5C2}.MinSizeRel|x64.Build.0 = MinSizeRel|x64
		{DC24928E-DA0F-384C-A179-81B8EA17F5C2}.RelWithDebInfo|x64.ActiveCfg = RelWithDebInfo|x64
		{DC24928E-DA0F-384C-A179-81B8EA17F5C2}.RelWithDebInfo|x64.Build.0 = RelWithDebInfo|x64
	EndGlobalSection
	GlobalSection(ExtensibilityGlobals) = postSolution
		SolutionGuid = {BF6B1862-DFEE-3749-99F7-1DF38CDAEE67}
	EndGlobalSection
	GlobalSection(ExtensibilityAddIns) = postSolution
	EndGlobalSection
EndGlobal
